
Microsoft Visual Studio Solution File, Format Version 12.00
# Visual Studio Version 17
VisualStudioVersion = 17.9.34714.143
MinimumVisualStudioVersion = 10.0.40219.1
Project("{FAE04EC0-301F-11D3-BF4B-00C04F79EFBC}") = "IssuranceConsumer", "IssuranceConsumer\IssuranceConsumer.csproj", "{80B95726-33B5-4511-B6CD-442697669C0F}"
EndProject
Project("{FAE04EC0-301F-11D3-BF4B-00C04F79EFBC}") = "IssuranceConsumer.Infrastructure", "IssuranceConsumer.Infrastructure\IssuranceConsumer.Infrastructure.csproj", "{D51CD808-9E49-4A9E-B44D-F4D683369377}"
EndProject
Project("{FAE04EC0-301F-11D3-BF4B-00C04F79EFBC}") = "IssuranceConsumer.Model", "IssuranceConsumer.Model\IssuranceConsumer.Model.csproj", "{504AD41A-4C08-4272-8FB8-ABA81B6DAC76}"
EndProject
Global
	GlobalSection(SolutionConfigurationPlatforms) = preSolution
		Debug|Any CPU = Debug|Any CPU
		Release|Any CPU = Release|Any CPU
	EndGlobalSection
	GlobalSection(ProjectConfigurationPlatforms) = postSolution
		{80B95726-33B5-4511-B6CD-442697669C0F}.Debug|Any CPU.ActiveCfg = Debug|Any CPU
		{80B95726-33B5-4511-B6CD-442697669C0F}.Debug|Any CPU.Build.0 = Debug|Any CPU
		{80B95726-33B5-4511-B6CD-442697669C0F}.Release|Any CPU.ActiveCfg = Release|Any CPU
		{80B95726-33B5-4511-B6CD-442697669C0F}.Release|Any CPU.Build.0 = Release|Any CPU
		{D51CD808-9E49-4A9E-B44D-F4D683369377}.Debug|Any CPU.ActiveCfg = Debug|Any CPU
		{D51CD808-9E49-4A9E-B44D-F4D683369377}.Debug|Any CPU.Build.0 = Debug|Any CPU
		{D51CD808-9E49-4A9E-B44D-F4D683369377}.Release|Any CPU.ActiveCfg = Release|Any CPU
		{D51CD808-9E49-4A9E-B44D-F4D683369377}.Release|Any CPU.Build.0 = Release|Any CPU
		{504AD41A-4C08-4272-8FB8-ABA81B6DAC76}.Debug|Any CPU.ActiveCfg = Debug|Any CPU
		{504AD41A-4C08-4272-8FB8-ABA81B6DAC76}.Debug|Any CPU.Build.0 = Debug|Any CPU
		{504AD41A-4C08-4272-8FB8-ABA81B6DAC76}.Release|Any CPU.ActiveCfg = Release|Any CPU
		{504AD41A-4C08-4272-8FB8-ABA81B6DAC76}.Release|Any CPU.Build.0 = Release|Any CPU
	EndGlobalSection
	GlobalSection(SolutionProperties) = preSolution
		HideSolutionNode = FALSE
	EndGlobalSection
	GlobalSection(ExtensibilityGlobals) = postSolution
		SolutionGuid = {63C2CD6D-B419-4FE6-B978-087F474EFA3C}
	EndGlobalSection
EndGlobal
